// !$*UTF8*$!
{
	archiveVersion = 1;
	classes = {
	};
	objectVersion = 50;
	objects = {

/* Begin PBXBuildFile section */
		E22B1A4B260658CE0042FFB7 /* Landmark.swift in Sources */ = {isa = PBXBuildFile; fileRef = E22B1A4A260658CE0042FFB7 /* Landmark.swift */; };
		E22B1A4F260658E90042FFB7 /* ModelData.swift in Sources */ = {isa = PBXBuildFile; fileRef = E22B1A4E260658E90042FFB7 /* ModelData.swift */; };
		E22B1A54260659BC0042FFB7 /* landmarkData.json in Resources */ = {isa = PBXBuildFile; fileRef = E22B1A53260659BC0042FFB7 /* landmarkData.json */; };
		E22B1A5C26065A1E0042FFB7 /* MapView.swift in Sources */ = {isa = PBXBuildFile; fileRef = E22B1A5726065A1E0042FFB7 /* MapView.swift */; };
		E22B1A5D26065A1E0042FFB7 /* CircleImage.swift in Sources */ = {isa = PBXBuildFile; fileRef = E22B1A5826065A1E0042FFB7 /* CircleImage.swift */; };
		E22B1A5E26065A1E0042FFB7 /* LandmarkList.swift in Sources */ = {isa = PBXBuildFile; fileRef = E22B1A5926065A1E0042FFB7 /* LandmarkList.swift */; };
		E22B1A5F26065A1E0042FFB7 /* LandmarkRow.swift in Sources */ = {isa = PBXBuildFile; fileRef = E22B1A5A26065A1E0042FFB7 /* LandmarkRow.swift */; };
		E22B1A6026065A1E0042FFB7 /* ContentView.swift in Sources */ = {isa = PBXBuildFile; fileRef = E22B1A5B26065A1E0042FFB7 /* ContentView.swift */; };
		E22B1A6826065B5A0042FFB7 /* LandmarkDetail.swift in Sources */ = {isa = PBXBuildFile; fileRef = E22B1A6726065B5A0042FFB7 /* LandmarkDetail.swift */; };
		E22B1A6D26067A500042FFB7 /* FavoriteButton.swift in Sources */ = {isa = PBXBuildFile; fileRef = E22B1A6C26067A500042FFB7 /* FavoriteButton.swift */; };
		E2C0D4B42606897B0083C5A4 /* HexagonParameters.swift in Sources */ = {isa = PBXBuildFile; fileRef = E2C0D4B32606897B0083C5A4 /* HexagonParameters.swift */; };
		E2C0D4B726068A8B0083C5A4 /* BadgeBackground.swift in Sources */ = {isa = PBXBuildFile; fileRef = E2C0D4B626068A8B0083C5A4 /* BadgeBackground.swift */; };
		E2C0D4E326068FB60083C5A4 /* BadgeSymbol.swift in Sources */ = {isa = PBXBuildFile; fileRef = E2C0D4E226068FB60083C5A4 /* BadgeSymbol.swift */; };
		E2C0D4E62606903D0083C5A4 /* RotatedBadgeSymbol.swift in Sources */ = {isa = PBXBuildFile; fileRef = E2C0D4E52606903D0083C5A4 /* RotatedBadgeSymbol.swift */; };
		E2C0D4E9260690920083C5A4 /* Badge.swift in Sources */ = {isa = PBXBuildFile; fileRef = E2C0D4E8260690920083C5A4 /* Badge.swift */; };
		E2C0D4F12606BA940083C5A4 /* hikeData.json in Resources */ = {isa = PBXBuildFile; fileRef = E2C0D4F02606BA940083C5A4 /* hikeData.json */; };
		E2C0D4F42606BACB0083C5A4 /* Hike.swift in Sources */ = {isa = PBXBuildFile; fileRef = E2C0D4F32606BACB0083C5A4 /* Hike.swift */; };
		E2C0D4FB2606BC160083C5A4 /* GraphCapsule.swift in Sources */ = {isa = PBXBuildFile; fileRef = E2C0D4F72606BC160083C5A4 /* GraphCapsule.swift */; };
		E2C0D4FC2606BC160083C5A4 /* HikeGraph.swift in Sources */ = {isa = PBXBuildFile; fileRef = E2C0D4F82606BC160083C5A4 /* HikeGraph.swift */; };
		E2C0D4FD2606BC160083C5A4 /* HikeDetail.swift in Sources */ = {isa = PBXBuildFile; fileRef = E2C0D4F92606BC160083C5A4 /* HikeDetail.swift */; };
		E2C0D4FE2606BC160083C5A4 /* HikeView.swift in Sources */ = {isa = PBXBuildFile; fileRef = E2C0D4FA2606BC160083C5A4 /* HikeView.swift */; };
		E2DCA43C2603116200D9BE83 /* LandmarksApp.swift in Sources */ = {isa = PBXBuildFile; fileRef = E2DCA43B2603116200D9BE83 /* LandmarksApp.swift */; };
		E2DCA4402603116400D9BE83 /* Assets.xcassets in Resources */ = {isa = PBXBuildFile; fileRef = E2DCA43F2603116400D9BE83 /* Assets.xcassets */; };
		E2DCA4432603116400D9BE83 /* Preview Assets.xcassets in Resources */ = {isa = PBXBuildFile; fileRef = E2DCA4422603116400D9BE83 /* Preview Assets.xcassets */; };
/* End PBXBuildFile section */

/* Begin PBXFileReference section */
		E22B1A4A260658CE0042FFB7 /* Landmark.swift */ = {isa = PBXFileReference; lastKnownFileType = sourcecode.swift; path = Landmark.swift; sourceTree = "<group>"; };
		E22B1A4E260658E90042FFB7 /* ModelData.swift */ = {isa = PBXFileReference; lastKnownFileType = sourcecode.swift; path = ModelData.swift; sourceTree = "<group>"; };
		E22B1A53260659BC0042FFB7 /* landmarkData.json */ = {isa = PBXFileReference; fileEncoding = 4; lastKnownFileType = text.json; path = landmarkData.json; sourceTree = "<group>"; };
		E22B1A5726065A1E0042FFB7 /* MapView.swift */ = {isa = PBXFileReference; fileEncoding = 4; lastKnownFileType = sourcecode.swift; path = MapView.swift; sourceTree = "<group>"; };
		E22B1A5826065A1E0042FFB7 /* CircleImage.swift */ = {isa = PBXFileReference; fileEncoding = 4; lastKnownFileType = sourcecode.swift; path = CircleImage.swift; sourceTree = "<group>"; };
		E22B1A5926065A1E0042FFB7 /* LandmarkList.swift */ = {isa = PBXFileReference; fileEncoding = 4; lastKnownFileType = sourcecode.swift; path = LandmarkList.swift; sourceTree = "<group>"; };
		E22B1A5A26065A1E0042FFB7 /* LandmarkRow.swift */ = {isa = PBXFileReference; fileEncoding = 4; lastKnownFileType = sourcecode.swift; path = LandmarkRow.swift; sourceTree = "<group>"; };
		E22B1A5B26065A1E0042FFB7 /* ContentView.swift */ = {isa = PBXFileReference; fileEncoding = 4; lastKnownFileType = sourcecode.swift; path = ContentView.swift; sourceTree = "<group>"; };
		E22B1A6726065B5A0042FFB7 /* LandmarkDetail.swift */ = {isa = PBXFileReference; lastKnownFileType = sourcecode.swift; name = LandmarkDetail.swift; path = Landmarks/Views/Landmarks/LandmarkDetail.swift; sourceTree = SOURCE_ROOT; };
		E22B1A6C26067A500042FFB7 /* FavoriteButton.swift */ = {isa = PBXFileReference; lastKnownFileType = sourcecode.swift; name = FavoriteButton.swift; path = Landmarks/Views/Helpers/FavoriteButton.swift; sourceTree = SOURCE_ROOT; };
		E2C0D4B32606897B0083C5A4 /* HexagonParameters.swift */ = {isa = PBXFileReference; lastKnownFileType = sourcecode.swift; path = HexagonParameters.swift; sourceTree = "<group>"; };
		E2C0D4B626068A8B0083C5A4 /* BadgeBackground.swift */ = {isa = PBXFileReference; lastKnownFileType = sourcecode.swift; path = BadgeBackground.swift; sourceTree = "<group>"; };
		E2C0D4E226068FB60083C5A4 /* BadgeSymbol.swift */ = {isa = PBXFileReference; lastKnownFileType = sourcecode.swift; path = BadgeSymbol.swift; sourceTree = "<group>"; };
		E2C0D4E52606903D0083C5A4 /* RotatedBadgeSymbol.swift */ = {isa = PBXFileReference; lastKnownFileType = sourcecode.swift; path = RotatedBadgeSymbol.swift; sourceTree = "<group>"; };
		E2C0D4E8260690920083C5A4 /* Badge.swift */ = {isa = PBXFileReference; lastKnownFileType = sourcecode.swift; path = Badge.swift; sourceTree = "<group>"; };
		E2C0D4F02606BA940083C5A4 /* hikeData.json */ = {isa = PBXFileReference; fileEncoding = 4; lastKnownFileType = text.json; path = hikeData.json; sourceTree = "<group>"; };
		E2C0D4F32606BACB0083C5A4 /* Hike.swift */ = {isa = PBXFileReference; lastKnownFileType = sourcecode.swift; path = Hike.swift; sourceTree = "<group>"; };
		E2C0D4F72606BC160083C5A4 /* GraphCapsule.swift */ = {isa = PBXFileReference; fileEncoding = 4; lastKnownFileType = sourcecode.swift; path = GraphCapsule.swift; sourceTree = "<group>"; };
		E2C0D4F82606BC160083C5A4 /* HikeGraph.swift */ = {isa = PBXFileReference; fileEncoding = 4; lastKnownFileType = sourcecode.swift; path = HikeGraph.swift; sourceTree = "<group>"; };
		E2C0D4F92606BC160083C5A4 /* HikeDetail.swift */ = {isa = PBXFileReference; fileEncoding = 4; lastKnownFileType = sourcecode.swift; path = HikeDetail.swift; sourceTree = "<group>"; };
		E2C0D4FA2606BC160083C5A4 /* HikeView.swift */ = {isa = PBXFileReference; fileEncoding = 4; lastKnownFileType = sourcecode.swift; path = HikeView.swift; sourceTree = "<group>"; };
		E2DCA4382603116200D9BE83 /* Landmarks.app */ = {isa = PBXFileReference; explicitFileType = wrapper.application; includeInIndex = 0; path = Landmarks.app; sourceTree = BUILT_PRODUCTS_DIR; };
		E2DCA43B2603116200D9BE83 /* LandmarksApp.swift */ = {isa = PBXFileReference; lastKnownFileType = sourcecode.swift; path = LandmarksApp.swift; sourceTree = "<group>"; };
		E2DCA43F2603116400D9BE83 /* Assets.xcassets */ = {isa = PBXFileReference; lastKnownFileType = folder.assetcatalog; path = Assets.xcassets; sourceTree = "<group>"; };
		E2DCA4422603116400D9BE83 /* Preview Assets.xcassets */ = {isa = PBXFileReference; lastKnownFileType = folder.assetcatalog; path = "Preview Assets.xcassets"; sourceTree = "<group>"; };
		E2DCA4442603116400D9BE83 /* Info.plist */ = {isa = PBXFileReference; lastKnownFileType = text.plist.xml; path = Info.plist; sourceTree = "<group>"; };
/* End PBXFileReference section */

/* Begin PBXFrameworksBuildPhase section */
		E2DCA4352603116200D9BE83 /* Frameworks */ = {
			isa = PBXFrameworksBuildPhase;
			buildActionMask = 2147483647;
			files = (
			);
			runOnlyForDeploymentPostprocessing = 0;
		};
/* End PBXFrameworksBuildPhase section */

/* Begin PBXGroup section */
		E22B1A492606585B0042FFB7 /* Model */ = {
			isa = PBXGroup;
			children = (
				E22B1A4A260658CE0042FFB7 /* Landmark.swift */,
				E22B1A4E260658E90042FFB7 /* ModelData.swift */,
				E2C0D4F32606BACB0083C5A4 /* Hike.swift */,
			);
			path = Model;
			sourceTree = "<group>";
		};
		E22B1A512606590A0042FFB7 /* Resources */ = {
			isa = PBXGroup;
			children = (
				E2C0D4F02606BA940083C5A4 /* hikeData.json */,
				E22B1A53260659BC0042FFB7 /* landmarkData.json */,
			);
			path = Resources;
			sourceTree = "<group>";
		};
		E22B1A5626065A1E0042FFB7 /* Views */ = {
			isa = PBXGroup;
			children = (
				E2C0D4EB2606912E0083C5A4 /* Badges */,
				E22B1A6F26067ADD0042FFB7 /* Helpers */,
				E2C0D4F62606BC160083C5A4 /* Hikes */,
				E22B1A7026067B080042FFB7 /* Landmarks */,
				E22B1A5B26065A1E0042FFB7 /* ContentView.swift */,
			);
			path = Views;
			sourceTree = "<group>";
		};
		E22B1A6F26067ADD0042FFB7 /* Helpers */ = {
			isa = PBXGroup;
			children = (
				E22B1A5826065A1E0042FFB7 /* CircleImage.swift */,
				E22B1A5726065A1E0042FFB7 /* MapView.swift */,
				E22B1A6C26067A500042FFB7 /* FavoriteButton.swift */,
			);
			path = Helpers;
			sourceTree = "<group>";
		};
		E22B1A7026067B080042FFB7 /* Landmarks */ = {
			isa = PBXGroup;
			children = (
				E22B1A6726065B5A0042FFB7 /* LandmarkDetail.swift */,
				E22B1A5926065A1E0042FFB7 /* LandmarkList.swift */,
				E22B1A5A26065A1E0042FFB7 /* LandmarkRow.swift */,
			);
			path = Landmarks;
			sourceTree = "<group>";
		};
		E2C0D4EB2606912E0083C5A4 /* Badges */ = {
			isa = PBXGroup;
			children = (
				E2C0D4B32606897B0083C5A4 /* HexagonParameters.swift */,
				E2C0D4E226068FB60083C5A4 /* BadgeSymbol.swift */,
				E2C0D4E8260690920083C5A4 /* Badge.swift */,
				E2C0D4E52606903D0083C5A4 /* RotatedBadgeSymbol.swift */,
				E2C0D4B626068A8B0083C5A4 /* BadgeBackground.swift */,
			);
			path = Badges;
			sourceTree = "<group>";
		};
		E2C0D4F62606BC160083C5A4 /* Hikes */ = {
			isa = PBXGroup;
			children = (
				E2C0D4F72606BC160083C5A4 /* GraphCapsule.swift */,
				E2C0D4F82606BC160083C5A4 /* HikeGraph.swift */,
				E2C0D4F92606BC160083C5A4 /* HikeDetail.swift */,
				E2C0D4FA2606BC160083C5A4 /* HikeView.swift */,
			);
			path = Hikes;
			sourceTree = "<group>";
		};
		E2DCA42F2603116200D9BE83 = {
			isa = PBXGroup;
			children = (
				E2DCA43A2603116200D9BE83 /* Landmarks */,
				E2DCA4392603116200D9BE83 /* Products */,
			);
			sourceTree = "<group>";
		};
		E2DCA4392603116200D9BE83 /* Products */ = {
			isa = PBXGroup;
			children = (
				E2DCA4382603116200D9BE83 /* Landmarks.app */,
			);
			name = Products;
			sourceTree = "<group>";
		};
		E2DCA43A2603116200D9BE83 /* Landmarks */ = {
			isa = PBXGroup;
			children = (
				E2DCA43B2603116200D9BE83 /* LandmarksApp.swift */,
				E2DCA43F2603116400D9BE83 /* Assets.xcassets */,
				E2DCA4442603116400D9BE83 /* Info.plist */,
				E22B1A492606585B0042FFB7 /* Model */,
				E22B1A512606590A0042FFB7 /* Resources */,
				E22B1A5626065A1E0042FFB7 /* Views */,
				E2DCA4412603116400D9BE83 /* Preview Content */,
			);
			path = Landmarks;
			sourceTree = "<group>";
		};
		E2DCA4412603116400D9BE83 /* Preview Content */ = {
			isa = PBXGroup;
			children = (
				E2DCA4422603116400D9BE83 /* Preview Assets.xcassets */,
			);
			path = "Preview Content";
			sourceTree = "<group>";
		};
/* End PBXGroup section */

/* Begin PBXNativeTarget section */
		E2DCA4372603116200D9BE83 /* Landmarks */ = {
			isa = PBXNativeTarget;
			buildConfigurationList = E2DCA4472603116400D9BE83 /* Build configuration list for PBXNativeTarget "Landmarks" */;
			buildPhases = (
				E2DCA4342603116200D9BE83 /* Sources */,
				E2DCA4352603116200D9BE83 /* Frameworks */,
				E2DCA4362603116200D9BE83 /* Resources */,
			);
			buildRules = (
			);
			dependencies = (
			);
			name = Landmarks;
			productName = Landmarks;
			productReference = E2DCA4382603116200D9BE83 /* Landmarks.app */;
			productType = "com.apple.product-type.application";
		};
/* End PBXNativeTarget section */

/* Begin PBXProject section */
		E2DCA4302603116200D9BE83 /* Project object */ = {
			isa = PBXProject;
			attributes = {
				LastSwiftUpdateCheck = 1240;
				LastUpgradeCheck = 1240;
				TargetAttributes = {
					E2DCA4372603116200D9BE83 = {
						CreatedOnToolsVersion = 12.4;
					};
				};
			};
			buildConfigurationList = E2DCA4332603116200D9BE83 /* Build configuration list for PBXProject "Landmarks" */;
			compatibilityVersion = "Xcode 9.3";
			developmentRegion = en;
			hasScannedForEncodings = 0;
			knownRegions = (
				en,
				Base,
			);
			mainGroup = E2DCA42F2603116200D9BE83;
			productRefGroup = E2DCA4392603116200D9BE83 /* Products */;
			projectDirPath = "";
			projectRoot = "";
			targets = (
				E2DCA4372603116200D9BE83 /* Landmarks */,
			);
		};
/* End PBXProject section */

/* Begin PBXResourcesBuildPhase section */
		E2DCA4362603116200D9BE83 /* Resources */ = {
			isa = PBXResourcesBuildPhase;
			buildActionMask = 2147483647;
			files = (
				E2C0D4F12606BA940083C5A4 /* hikeData.json in Resources */,
				E2DCA4432603116400D9BE83 /* Preview Assets.xcassets in Resources */,
				E2DCA4402603116400D9BE83 /* Assets.xcassets in Resources */,
				E22B1A54260659BC0042FFB7 /* landmarkData.json in Resources */,
			);
			runOnlyForDeploymentPostprocessing = 0;
		};
/* End PBXResourcesBuildPhase section */

/* Begin PBXSourcesBuildPhase section */
		E2DCA4342603116200D9BE83 /* Sources */ = {
			isa = PBXSourcesBuildPhase;
			buildActionMask = 2147483647;
			files = (
				E2DCA43C2603116200D9BE83 /* LandmarksApp.swift in Sources */,
				E2C0D4FC2606BC160083C5A4 /* HikeGraph.swift in Sources */,
				E2C0D4E9260690920083C5A4 /* Badge.swift in Sources */,
				E22B1A5E26065A1E0042FFB7 /* LandmarkList.swift in Sources */,
				E2C0D4FB2606BC160083C5A4 /* GraphCapsule.swift in Sources */,
				E22B1A6826065B5A0042FFB7 /* LandmarkDetail.swift in Sources */,
				E22B1A6D26067A500042FFB7 /* FavoriteButton.swift in Sources */,
				E2C0D4FD2606BC160083C5A4 /* HikeDetail.swift in Sources */,
				E2C0D4B42606897B0083C5A4 /* HexagonParameters.swift in Sources */,
				E2C0D4F42606BACB0083C5A4 /* Hike.swift in Sources */,
				E2C0D4E62606903D0083C5A4 /* RotatedBadgeSymbol.swift in Sources */,
				E2C0D4E326068FB60083C5A4 /* BadgeSymbol.swift in Sources */,
				E22B1A6026065A1E0042FFB7 /* ContentView.swift in Sources */,
				E2C0D4FE2606BC160083C5A4 /* HikeView.swift in Sources */,
				E22B1A5C26065A1E0042FFB7 /* MapView.swift in Sources */,
				E2C0D4B726068A8B0083C5A4 /* BadgeBackground.swift in Sources */,
				E22B1A4B260658CE0042FFB7 /* Landmark.swift in Sources */,
				E22B1A4F260658E90042FFB7 /* ModelData.swift in Sources */,
				E22B1A5F26065A1E0042FFB7 /* LandmarkRow.swift in Sources */,
				E22B1A5D26065A1E0042FFB7 /* CircleImage.swift in Sources */,
			);
			runOnlyForDeploymentPostprocessing = 0;
		};
/* End PBXSourcesBuildPhase section */

/* Begin XCBuildConfiguration section */
		E2DCA4452603116400D9BE83 /* Debug */ = {
			isa = XCBuildConfiguration;
			buildSettings = {
				ALWAYS_SEARCH_USER_PATHS = NO;
				CLANG_ANALYZER_NONNULL = YES;
				CLANG_ANALYZER_NUMBER_OBJECT_CONVERSION = YES_AGGRESSIVE;
				CLANG_CXX_LANGUAGE_STANDARD = "gnu++14";
				CLANG_CXX_LIBRARY = "libc++";
				CLANG_ENABLE_MODULES = YES;
				CLANG_ENABLE_OBJC_ARC = YES;
				CLANG_ENABLE_OBJC_WEAK = YES;
				CLANG_WARN_BLOCK_CAPTURE_AUTORELEASING = YES;
				CLANG_WARN_BOOL_CONVERSION = YES;
				CLANG_WARN_COMMA = YES;
				CLANG_WARN_CONSTANT_CONVERSION = YES;
				CLANG_WARN_DEPRECATED_OBJC_IMPLEMENTATIONS = YES;
				CLANG_WARN_DIRECT_OBJC_ISA_USAGE = YES_ERROR;
				CLANG_WARN_DOCUMENTATION_COMMENTS = YES;
				CLANG_WARN_EMPTY_BODY = YES;
				CLANG_WARN_ENUM_CONVERSION = YES;
				CLANG_WARN_INFINITE_RECURSION = YES;
				CLANG_WARN_INT_CONVERSION = YES;
				CLANG_WARN_NON_LITERAL_NULL_CONVERSION = YES;
				CLANG_WARN_OBJC_IMPLICIT_RETAIN_SELF = YES;
				CLANG_WARN_OBJC_LITERAL_CONVERSION = YES;
				CLANG_WARN_OBJC_ROOT_CLASS = YES_ERROR;
				CLANG_WARN_QUOTED_INCLUDE_IN_FRAMEWORK_HEADER = YES;
				CLANG_WARN_RANGE_LOOP_ANALYSIS = YES;
				CLANG_WARN_STRICT_PROTOTYPES = YES;
				CLANG_WARN_SUSPICIOUS_MOVE = YES;
				CLANG_WARN_UNGUARDED_AVAILABILITY = YES_AGGRESSIVE;
				CLANG_WARN_UNREACHABLE_CODE = YES;
				CLANG_WARN__DUPLICATE_METHOD_MATCH = YES;
				COPY_PHASE_STRIP = NO;
				DEBUG_INFORMATION_FORMAT = dwarf;
				ENABLE_STRICT_OBJC_MSGSEND = YES;
				ENABLE_TESTABILITY = YES;
				GCC_C_LANGUAGE_STANDARD = gnu11;
				GCC_DYNAMIC_NO_PIC = NO;
				GCC_NO_COMMON_BLOCKS = YES;
				GCC_OPTIMIZATION_LEVEL = 0;
				GCC_PREPROCESSOR_DEFINITIONS = (
					"DEBUG=1",
					"$(inherited)",
				);
				GCC_WARN_64_TO_32_BIT_CONVERSION = YES;
				GCC_WARN_ABOUT_RETURN_TYPE = YES_ERROR;
				GCC_WARN_UNDECLARED_SELECTOR = YES;
				GCC_WARN_UNINITIALIZED_AUTOS = YES_AGGRESSIVE;
				GCC_WARN_UNUSED_FUNCTION = YES;
				GCC_WARN_UNUSED_VARIABLE = YES;
				IPHONEOS_DEPLOYMENT_TARGET = 14.4;
				MTL_ENABLE_DEBUG_INFO = INCLUDE_SOURCE;
				MTL_FAST_MATH = YES;
				ONLY_ACTIVE_ARCH = YES;
				SDKROOT = iphoneos;
				SWIFT_ACTIVE_COMPILATION_CONDITIONS = DEBUG;
				SWIFT_OPTIMIZATION_LEVEL = "-Onone";
			};
			name = Debug;
		};
		E2DCA4462603116400D9BE83 /* Release */ = {
			isa = XCBuildConfiguration;
			buildSettings = {
				ALWAYS_SEARCH_USER_PATHS = NO;
				CLANG_ANALYZER_NONNULL = YES;
				CLANG_ANALYZER_NUMBER_OBJECT_CONVERSION = YES_AGGRESSIVE;
				CLANG_CXX_LANGUAGE_STANDARD = "gnu++14";
				CLANG_CXX_LIBRARY = "libc++";
				CLANG_ENABLE_MODULES = YES;
				CLANG_ENABLE_OBJC_ARC = YES;
				CLANG_ENABLE_OBJC_WEAK = YES;
				CLANG_WARN_BLOCK_CAPTURE_AUTORELEASING = YES;
				CLANG_WARN_BOOL_CONVERSION = YES;
				CLANG_WARN_COMMA = YES;
				CLANG_WARN_CONSTANT_CONVERSION = YES;
				CLANG_WARN_DEPRECATED_OBJC_IMPLEMENTATIONS = YES;
				CLANG_WARN_DIRECT_OBJC_ISA_USAGE = YES_ERROR;
				CLANG_WARN_DOCUMENTATION_COMMENTS = YES;
				CLANG_WARN_EMPTY_BODY = YES;
				CLANG_WARN_ENUM_CONVERSION = YES;
				CLANG_WARN_INFINITE_RECURSION = YES;
				CLANG_WARN_INT_CONVERSION = YES;
				CLANG_WARN_NON_LITERAL_NULL_CONVERSION = YES;
				CLANG_WARN_OBJC_IMPLICIT_RETAIN_SELF = YES;
				CLANG_WARN_OBJC_LITERAL_CONVERSION = YES;
				CLANG_WARN_OBJC_ROOT_CLASS = YES_ERROR;
				CLANG_WARN_QUOTED_INCLUDE_IN_FRAMEWORK_HEADER = YES;
				CLANG_WARN_RANGE_LOOP_ANALYSIS = YES;
				CLANG_WARN_STRICT_PROTOTYPES = YES;
				CLANG_WARN_SUSPICIOUS_MOVE = YES;
				CLANG_WARN_UNGUARDED_AVAILABILITY = YES_AGGRESSIVE;
				CLANG_WARN_UNREACHABLE_CODE = YES;
				CLANG_WARN__DUPLICATE_METHOD_MATCH = YES;
				COPY_PHASE_STRIP = NO;
				DEBUG_INFORMATION_FORMAT = "dwarf-with-dsym";
				ENABLE_NS_ASSERTIONS = NO;
				ENABLE_STRICT_OBJC_MSGSEND = YES;
				GCC_C_LANGUAGE_STANDARD = gnu11;
				GCC_NO_COMMON_BLOCKS = YES;
				GCC_WARN_64_TO_32_BIT_CONVERSION = YES;
				GCC_WARN_ABOUT_RETURN_TYPE = YES_ERROR;
				GCC_WARN_UNDECLARED_SELECTOR = YES;
				GCC_WARN_UNINITIALIZED_AUTOS = YES_AGGRESSIVE;
				GCC_WARN_UNUSED_FUNCTION = YES;
				GCC_WARN_UNUSED_VARIABLE = YES;
				IPHONEOS_DEPLOYMENT_TARGET = 14.4;
				MTL_ENABLE_DEBUG_INFO = NO;
				MTL_FAST_MATH = YES;
				SDKROOT = iphoneos;
				SWIFT_COMPILATION_MODE = wholemodule;
				SWIFT_OPTIMIZATION_LEVEL = "-O";
				VALIDATE_PRODUCT = YES;
			};
			name = Release;
		};
		E2DCA4482603116400D9BE83 /* Debug */ = {
			isa = XCBuildConfiguration;
			buildSettings = {
				ASSETCATALOG_COMPILER_APPICON_NAME = AppIcon;
				ASSETCATALOG_COMPILER_GLOBAL_ACCENT_COLOR_NAME = AccentColor;
				CODE_SIGN_STYLE = Automatic;
				DEVELOPMENT_ASSET_PATHS = "\"Landmarks/Preview Content\"";
				DEVELOPMENT_TEAM = NW63R54542;
				ENABLE_PREVIEWS = YES;
				INFOPLIST_FILE = Landmarks/Info.plist;
				IPHONEOS_DEPLOYMENT_TARGET = 14.0;
				LD_RUNPATH_SEARCH_PATHS = (
					"$(inherited)",
					"@executable_path/Frameworks",
				);
				PRODUCT_BUNDLE_IDENTIFIER = com.mrdougwright.Landmarks;
				PRODUCT_NAME = "$(TARGET_NAME)";
				SWIFT_VERSION = 5.0;
				TARGETED_DEVICE_FAMILY = "1,2";
			};
			name = Debug;
		};
		E2DCA4492603116400D9BE83 /* Release */ = {
			isa = XCBuildConfiguration;
			buildSettings = {
				ASSETCATALOG_COMPILER_APPICON_NAME = AppIcon;
				ASSETCATALOG_COMPILER_GLOBAL_ACCENT_COLOR_NAME = AccentColor;
				CODE_SIGN_STYLE = Automatic;
				DEVELOPMENT_ASSET_PATHS = "\"Landmarks/Preview Content\"";
				DEVELOPMENT_TEAM = NW63R54542;
				ENABLE_PREVIEWS = YES;
				INFOPLIST_FILE = Landmarks/Info.plist;
				IPHONEOS_DEPLOYMENT_TARGET = 14.0;
				LD_RUNPATH_SEARCH_PATHS = (
					"$(inherited)",
					"@executable_path/Frameworks",
				);
				PRODUCT_BUNDLE_IDENTIFIER = com.mrdougwright.Landmarks;
				PRODUCT_NAME = "$(TARGET_NAME)";
				SWIFT_VERSION = 5.0;
				TARGETED_DEVICE_FAMILY = "1,2";
			};
			name = Release;
		};
/* End XCBuildConfiguration section */

/* Begin XCConfigurationList section */
		E2DCA4332603116200D9BE83 /* Build configuration list for PBXProject "Landmarks" */ = {
			isa = XCConfigurationList;
			buildConfigurations = (
				E2DCA4452603116400D9BE83 /* Debug */,
				E2DCA4462603116400D9BE83 /* Release */,
			);
			defaultConfigurationIsVisible = 0;
			defaultConfigurationName = Release;
		};
		E2DCA4472603116400D9BE83 /* Build configuration list for PBXNativeTarget "Landmarks" */ = {
			isa = XCConfigurationList;
			buildConfigurations = (
				E2DCA4482603116400D9BE83 /* Debug */,
				E2DCA4492603116400D9BE83 /* Release */,
			);
			defaultConfigurationIsVisible = 0;
			defaultConfigurationName = Release;
		};
/* End XCConfigurationList section */
	};
	rootObject = E2DCA4302603116200D9BE83 /* Project object */;
}
